
Microsoft Visual Studio Solution File, Format Version 12.00
# Visual Studio Version 16
VisualStudioVersion = 16.0.30406.217
MinimumVisualStudioVersion = 10.0.40219.1
Project("{FAE04EC0-301F-11D3-BF4B-00C04F79EFBC}") = "Apiestudiantes", "Apiestudiantes\Apiestudiantes.csproj", "{F05DB6C8-D0FA-4258-A1D3-B62697E05DA5}"
EndProject
Global
	GlobalSection(SolutionConfigurationPlatforms) = preSolution
		Debug|Any CPU = Debug|Any CPU
		Release|Any CPU = Release|Any CPU
	EndGlobalSection
	GlobalSection(ProjectConfigurationPlatforms) = postSolution
		{F05DB6C8-D0FA-4258-A1D3-B62697E05DA5}.Debug|Any CPU.ActiveCfg = Debug|Any CPU
		{F05DB6C8-D0FA-4258-A1D3-B62697E05DA5}.Debug|Any CPU.Build.0 = Debug|Any CPU
		{F05DB6C8-D0FA-4258-A1D3-B62697E05DA5}.Release|Any CPU.ActiveCfg = Release|Any CPU
		{F05DB6C8-D0FA-4258-A1D3-B62697E05DA5}.Release|Any CPU.Build.0 = Release|Any CPU
	EndGlobalSection
	GlobalSection(SolutionProperties) = preSolution
		HideSolutionNode = FALSE
	EndGlobalSection
	GlobalSection(ExtensibilityGlobals) = postSolution
		SolutionGuid = {D1CEAEF1-9AE3-4ED9-8599-3664B24F72E9}
	EndGlobalSection
EndGlobal
